
Microsoft Visual Studio Solution File, Format Version 12.00
# Visual Studio Version 17
VisualStudioVersion = 17.0.31903.59
MinimumVisualStudioVersion = 10.0.40219.1
Project("{9A19103F-16F7-4668-BE54-9A1E7A4F7556}") = "ECommerce.Api.Products", "ECommerce.Api.Products\ECommerce.Api.Products.csproj", "{F4AE3118-A360-48CD-A318-3BB3E54F0884}"
EndProject
Project("{9A19103F-16F7-4668-BE54-9A1E7A4F7556}") = "ECommerce.Api.Customers", "ECommerce.Api.Customers\ECommerce.Api.Customers.csproj", "{EEE39558-1B5A-46E0-8F02-A820F215800A}"
EndProject
Project("{9A19103F-16F7-4668-BE54-9A1E7A4F7556}") = "ECommerce.Api.Orders", "ECommerce.Api.Orders\ECommerce.Api.Orders.csproj", "{7D8F8B0A-1C10-4162-8186-ACECCBF211EA}"
EndProject
Project("{9A19103F-16F7-4668-BE54-9A1E7A4F7556}") = "ECommerce.Api.Search", "ECommerce.Api.Search\ECommerce.Api.Search.csproj", "{4EE734C0-D3F8-4589-B859-F2E95DE86832}"
EndProject
Project("{FAE04EC0-301F-11D3-BF4B-00C04F79EFBC}") = "ECommerce.Api.Products.Tests", "ECommerce.Api.Products.Tests\ECommerce.Api.Products.Tests.csproj", "{792F2604-0C21-4A39-BC4F-6B2ECC44A5EE}"
EndProject
Global
	GlobalSection(SolutionConfigurationPlatforms) = preSolution
		Debug|Any CPU = Debug|Any CPU
		Release|Any CPU = Release|Any CPU
	EndGlobalSection
	GlobalSection(ProjectConfigurationPlatforms) = postSolution
		{F4AE3118-A360-48CD-A318-3BB3E54F0884}.Debug|Any CPU.ActiveCfg = Debug|Any CPU
		{F4AE3118-A360-48CD-A318-3BB3E54F0884}.Debug|Any CPU.Build.0 = Debug|Any CPU
		{F4AE3118-A360-48CD-A318-3BB3E54F0884}.Release|Any CPU.ActiveCfg = Release|Any CPU
		{F4AE3118-A360-48CD-A318-3BB3E54F0884}.Release|Any CPU.Build.0 = Release|Any CPU
		{EEE39558-1B5A-46E0-8F02-A820F215800A}.Debug|Any CPU.ActiveCfg = Debug|Any CPU
		{EEE39558-1B5A-46E0-8F02-A820F215800A}.Debug|Any CPU.Build.0 = Debug|Any CPU
		{EEE39558-1B5A-46E0-8F02-A820F215800A}.Release|Any CPU.ActiveCfg = Release|Any CPU
		{EEE39558-1B5A-46E0-8F02-A820F215800A}.Release|Any CPU.Build.0 = Release|Any CPU
		{7D8F8B0A-1C10-4162-8186-ACECCBF211EA}.Debug|Any CPU.ActiveCfg = Debug|Any CPU
		{7D8F8B0A-1C10-4162-8186-ACECCBF211EA}.Debug|Any CPU.Build.0 = Debug|Any CPU
		{7D8F8B0A-1C10-4162-8186-ACECCBF211EA}.Release|Any CPU.ActiveCfg = Release|Any CPU
		{7D8F8B0A-1C10-4162-8186-ACECCBF211EA}.Release|Any CPU.Build.0 = Release|Any CPU
		{4EE734C0-D3F8-4589-B859-F2E95DE86832}.Debug|Any CPU.ActiveCfg = Debug|Any CPU
		{4EE734C0-D3F8-4589-B859-F2E95DE86832}.Debug|Any CPU.Build.0 = Debug|Any CPU
		{4EE734C0-D3F8-4589-B859-F2E95DE86832}.Release|Any CPU.ActiveCfg = Release|Any CPU
		{4EE734C0-D3F8-4589-B859-F2E95DE86832}.Release|Any CPU.Build.0 = Release|Any CPU
		{792F2604-0C21-4A39-BC4F-6B2ECC44A5EE}.Debug|Any CPU.ActiveCfg = Debug|Any CPU
		{792F2604-0C21-4A39-BC4F-6B2ECC44A5EE}.Debug|Any CPU.Build.0 = Debug|Any CPU
		{792F2604-0C21-4A39-BC4F-6B2ECC44A5EE}.Release|Any CPU.ActiveCfg = Release|Any CPU
		{792F2604-0C21-4A39-BC4F-6B2ECC44A5EE}.Release|Any CPU.Build.0 = Release|Any CPU
	EndGlobalSection
	GlobalSection(SolutionProperties) = preSolution
		HideSolutionNode = FALSE
	EndGlobalSection
	GlobalSection(ExtensibilityGlobals) = postSolution
		SolutionGuid = {8EF34E68-8426-455E-84B3-5E1BA0EE72E3}
	EndGlobalSection
EndGlobal
